// !$*UTF8*$!
{
	archiveVersion = 1;
	classes = {
	};
	objectVersion = 46;
	objects = {

/* Begin PBXBuildFile section */
		C05E5FC51E0A622600F09BC7 /* main.cpp in Sources */ = {isa = PBXBuildFile; fileRef = C05E5FC41E0A622600F09BC7 /* main.cpp */; };
		C05E5FCD1E0A7FC100F09BC7 /* bst_imp.cpp in Sources */ = {isa = PBXBuildFile; fileRef = C05E5FCC1E0A7FC100F09BC7 /* bst_imp.cpp */; };
/* End PBXBuildFile section */

/* Begin PBXCopyFilesBuildPhase section */
		C05E5FBF1E0A622600F09BC7 /* CopyFiles */ = {
			isa = PBXCopyFilesBuildPhase;
			buildActionMask = 2147483647;
			dstPath = /usr/share/man/man1/;
			dstSubfolderSpec = 0;
			files = (
			);
			runOnlyForDeploymentPostprocessing = 1;
		};
/* End PBXCopyFilesBuildPhase section */

/* Begin PBXFileReference section */
		C05E5FC11E0A622600F09BC7 /* Cracking The Google Interview */ = {isa = PBXFileReference; explicitFileType = "compiled.mach-o.executable"; includeInIndex = 0; path = "Cracking The Google Interview"; sourceTree = BUILT_PRODUCTS_DIR; };
		C05E5FC41E0A622600F09BC7 /* main.cpp */ = {isa = PBXFileReference; lastKnownFileType = sourcecode.cpp.cpp; path = main.cpp; sourceTree = "<group>"; };
		C05E5FCB1E0A626700F09BC7 /* bst.h */ = {isa = PBXFileReference; lastKnownFileType = sourcecode.c.h; path = bst.h; sourceTree = "<group>"; };
		C05E5FCC1E0A7FC100F09BC7 /* bst_imp.cpp */ = {isa = PBXFileReference; fileEncoding = 4; lastKnownFileType = sourcecode.cpp.cpp; path = bst_imp.cpp; sourceTree = "<group>"; };
/* End PBXFileReference section */

/* Begin PBXFrameworksBuildPhase section */
		C05E5FBE1E0A622600F09BC7 /* Frameworks */ = {
			isa = PBXFrameworksBuildPhase;
			buildActionMask = 2147483647;
			files = (
			);
			runOnlyForDeploymentPostprocessing = 0;
		};
/* End PBXFrameworksBuildPhase section */

/* Begin PBXGroup section */
		C05E5FB81E0A622600F09BC7 = {
			isa = PBXGroup;
			children = (
				C05E5FC31E0A622600F09BC7 /* Cracking The Google Interview */,
				C05E5FC21E0A622600F09BC7 /* Products */,
			);
			sourceTree = "<group>";
		};
		C05E5FC21E0A622600F09BC7 /* Products */ = {
			isa = PBXGroup;
			children = (
				C05E5FC11E0A622600F09BC7 /* Cracking The Google Interview */,
			);
			name = Products;
			sourceTree = "<group>";
		};
		C05E5FC31E0A622600F09BC7 /* Cracking The Google Interview */ = {
			isa = PBXGroup;
			children = (
				C05E5FC41E0A622600F09BC7 /* main.cpp */,
				C05E5FCB1E0A626700F09BC7 /* bst.h */,
				C05E5FCC1E0A7FC100F09BC7 /* bst_imp.cpp */,
			);
			path = "Cracking The Google Interview";
			sourceTree = "<group>";
		};
/* End PBXGroup section */

/* Begin PBXNativeTarget section */
		C05E5FC01E0A622600F09BC7 /* Cracking The Google Interview */ = {
			isa = PBXNativeTarget;
			buildConfigurationList = C05E5FC81E0A622600F09BC7 /* Build configuration list for PBXNativeTarget "Cracking The Google Interview" */;
			buildPhases = (
				C05E5FBD1E0A622600F09BC7 /* Sources */,
				C05E5FBE1E0A622600F09BC7 /* Frameworks */,
				C05E5FBF1E0A622600F09BC7 /* CopyFiles */,
			);
			buildRules = (
			);
			dependencies = (
			);
			name = "Cracking The Google Interview";
			productName = "Cracking The Google Interview";
			productReference = C05E5FC11E0A622600F09BC7 /* Cracking The Google Interview */;
			productType = "com.apple.product-type.tool";
		};
/* End PBXNativeTarget section */

/* Begin PBXProject section */
		C05E5FB91E0A622600F09BC7 /* Project object */ = {
			isa = PBXProject;
			attributes = {
				LastUpgradeCheck = 0820;
				ORGANIZATIONNAME = Ubique;
				TargetAttributes = {
					C05E5FC01E0A622600F09BC7 = {
						CreatedOnToolsVersion = 8.2;
						DevelopmentTeam = NJJYMKW457;
						ProvisioningStyle = Automatic;
					};
				};
			};
			buildConfigurationList = C05E5FBC1E0A622600F09BC7 /* Build configuration list for PBXProject "Cracking The Google Interview" */;
			compatibilityVersion = "Xcode 3.2";
			developmentRegion = English;
			hasScannedForEncodings = 0;
			knownRegions = (
				en,
			);
			mainGroup = C05E5FB81E0A622600F09BC7;
			productRefGroup = C05E5FC21E0A622600F09BC7 /* Products */;
			projectDirPath = "";
			projectRoot = "";
			targets = (
				C05E5FC01E0A622600F09BC7 /* Cracking The Google Interview */,
			);
		};
/* End PBXProject section */

/* Begin PBXSourcesBuildPhase section */
		C05E5FBD1E0A622600F09BC7 /* Sources */ = {
			isa = PBXSourcesBuildPhase;
			buildActionMask = 2147483647;
			files = (
				C05E5FCD1E0A7FC100F09BC7 /* bst_imp.cpp in Sources */,
				C05E5FC51E0A622600F09BC7 /* main.cpp in Sources */,
			);
			runOnlyForDeploymentPostprocessing = 0;
		};
/* End PBXSourcesBuildPhase section */

/* Begin XCBuildConfiguration section */
		C05E5FC61E0A622600F09BC7 /* Debug */ = {
			isa = XCBuildConfiguration;
			buildSettings = {
				ALWAYS_SEARCH_USER_PATHS = NO;
				CLANG_ANALYZER_NONNULL = YES;
				CLANG_CXX_LANGUAGE_STANDARD = "gnu++0x";
				CLANG_CXX_LIBRARY = "libc++";
				CLANG_ENABLE_MODULES = YES;
				CLANG_ENABLE_OBJC_ARC = YES;
				CLANG_WARN_BOOL_CONVERSION = YES;
				CLANG_WARN_CONSTANT_CONVERSION = YES;
				CLANG_WARN_DIRECT_OBJC_ISA_USAGE = YES_ERROR;
				CLANG_WARN_DOCUMENTATION_COMMENTS = YES;
				CLANG_WARN_EMPTY_BODY = YES;
				CLANG_WARN_ENUM_CONVERSION = YES;
				CLANG_WARN_INFINITE_RECURSION = YES;
				CLANG_WARN_INT_CONVERSION = YES;
				CLANG_WARN_OBJC_ROOT_CLASS = YES_ERROR;
				CLANG_WARN_SUSPICIOUS_MOVE = YES;
				CLANG_WARN_UNREACHABLE_CODE = YES;
				CLANG_WARN__DUPLICATE_METHOD_MATCH = YES;
				CODE_SIGN_IDENTITY = "-";
				COPY_PHASE_STRIP = NO;
				DEBUG_INFORMATION_FORMAT = dwarf;
				ENABLE_STRICT_OBJC_MSGSEND = YES;
				ENABLE_TESTABILITY = YES;
				GCC_C_LANGUAGE_STANDARD = gnu99;
				GCC_DYNAMIC_NO_PIC = NO;
				GCC_NO_COMMON_BLOCKS = YES;
				GCC_OPTIMIZATION_LEVEL = 0;
				GCC_PREPROCESSOR_DEFINITIONS = (
					"DEBUG=1",
					"$(inherited)",
				);
				GCC_WARN_64_TO_32_BIT_CONVERSION = YES;
				GCC_WARN_ABOUT_RETURN_TYPE = YES_ERROR;
				GCC_WARN_UNDECLARED_SELECTOR = YES;
				GCC_WARN_UNINITIALIZED_AUTOS = YES_AGGRESSIVE;
				GCC_WARN_UNUSED_FUNCTION = YES;
				GCC_WARN_UNUSED_VARIABLE = YES;
				MACOSX_DEPLOYMENT_TARGET = 10.12;
				MTL_ENABLE_DEBUG_INFO = YES;
				ONLY_ACTIVE_ARCH = YES;
				SDKROOT = macosx;
			};
			name = Debug;
		};
		C05E5FC71E0A622600F09BC7 /* Release */ = {
			isa = XCBuildConfiguration;
			buildSettings = {
				ALWAYS_SEARCH_USER_PATHS = NO;
				CLANG_ANALYZER_NONNULL = YES;
				CLANG_CXX_LANGUAGE_STANDARD = "gnu++0x";
				CLANG_CXX_LIBRARY = "libc++";
				CLANG_ENABLE_MODULES = YES;
				CLANG_ENABLE_OBJC_ARC = YES;
				CLANG_WARN_BOOL_CONVERSION = YES;
				CLANG_WARN_CONSTANT_CONVERSION = YES;
				CLANG_WARN_DIRECT_OBJC_ISA_USAGE = YES_ERROR;
				CLANG_WARN_DOCUMENTATION_COMMENTS = YES;
				CLANG_WARN_EMPTY_BODY = YES;
				CLANG_WARN_ENUM_CONVERSION = YES;
				CLANG_WARN_INFINITE_RECURSION = YES;
				CLANG_WARN_INT_CONVERSION = YES;
				CLANG_WARN_OBJC_ROOT_CLASS = YES_ERROR;
				CLANG_WARN_SUSPICIOUS_MOVE = YES;
				CLANG_WARN_UNREACHABLE_CODE = YES;
				CLANG_WARN__DUPLICATE_METHOD_MATCH = YES;
				CODE_SIGN_IDENTITY = "-";
				COPY_PHASE_STRIP = NO;
				DEBUG_INFORMATION_FORMAT = "dwarf-with-dsym";
				ENABLE_NS_ASSERTIONS = NO;
				ENABLE_STRICT_OBJC_MSGSEND = YES;
				GCC_C_LANGUAGE_STANDARD = gnu99;
				GCC_NO_COMMON_BLOCKS = YES;
				GCC_WARN_64_TO_32_BIT_CONVERSION = YES;
				GCC_WARN_ABOUT_RETURN_TYPE = YES_ERROR;
				GCC_WARN_UNDECLARED_SELECTOR = YES;
				GCC_WARN_UNINITIALIZED_AUTOS = YES_AGGRESSIVE;
				GCC_WARN_UNUSED_FUNCTION = YES;
				GCC_WARN_UNUSED_VARIABLE = YES;
				MACOSX_DEPLOYMENT_TARGET = 10.12;
				MTL_ENABLE_DEBUG_INFO = NO;
				SDKROOT = macosx;
			};
			name = Release;
		};
		C05E5FC91E0A622600F09BC7 /* Debug */ = {
			isa = XCBuildConfiguration;
			buildSettings = {
				DEVELOPMENT_TEAM = NJJYMKW457;
				PRODUCT_NAME = "$(TARGET_NAME)";
			};
			name = Debug;
		};
		C05E5FCA1E0A622600F09BC7 /* Release */ = {
			isa = XCBuildConfiguration;
			buildSettings = {
				DEVELOPMENT_TEAM = NJJYMKW457;
				PRODUCT_NAME = "$(TARGET_NAME)";
			};
			name = Release;
		};
/* End XCBuildConfiguration section */

/* Begin XCConfigurationList section */
		C05E5FBC1E0A622600F09BC7 /* Build configuration list for PBXProject "Cracking The Google Interview" */ = {
			isa = XCConfigurationList;
			buildConfigurations = (
				C05E5FC61E0A622600F09BC7 /* Debug */,
				C05E5FC71E0A622600F09BC7 /* Release */,
			);
			defaultConfigurationIsVisible = 0;
			defaultConfigurationName = Release;
		};
		C05E5FC81E0A622600F09BC7 /* Build configuration list for PBXNativeTarget "Cracking The Google Interview" */ = {
			isa = XCConfigurationList;
			buildConfigurations = (
				C05E5FC91E0A622600F09BC7 /* Debug */,
				C05E5FCA1E0A622600F09BC7 /* Release */,
			);
			defaultConfigurationIsVisible = 0;
		};
/* End XCConfigurationList section */
	};
	rootObject = C05E5FB91E0A622600F09BC7 /* Project object */;
}
